
Microsoft Visual Studio Solution File, Format Version 12.00
# Visual Studio Version 17
VisualStudioVersion = 17.10.35122.118
MinimumVisualStudioVersion = 10.0.40219.1
Project("{FAE04EC0-301F-11D3-BF4B-00C04F79EFBC}") = "дзшка 3", "дзшка 3\дзшка 3.csproj", "{B3256780-0C68-425D-A47B-D57AE8EF0D12}"
EndProject
Global
	GlobalSection(SolutionConfigurationPlatforms) = preSolution
		Debug|Any CPU = Debug|Any CPU
		Release|Any CPU = Release|Any CPU
	EndGlobalSection
	GlobalSection(ProjectConfigurationPlatforms) = postSolution
		{B3256780-0C68-425D-A47B-D57AE8EF0D12}.Debug|Any CPU.ActiveCfg = Debug|Any CPU
		{B3256780-0C68-425D-A47B-D57AE8EF0D12}.Debug|Any CPU.Build.0 = Debug|Any CPU
		{B3256780-0C68-425D-A47B-D57AE8EF0D12}.Release|Any CPU.ActiveCfg = Release|Any CPU
		{B3256780-0C68-425D-A47B-D57AE8EF0D12}.Release|Any CPU.Build.0 = Release|Any CPU
	EndGlobalSection
	GlobalSection(SolutionProperties) = preSolution
		HideSolutionNode = FALSE
	EndGlobalSection
	GlobalSection(ExtensibilityGlobals) = postSolution
		SolutionGuid = {89B799C4-5143-49F2-9CC5-9DA0E4436A1C}
	EndGlobalSection
EndGlobal
